
Microsoft Visual Studio Solution File, Format Version 12.00
# Visual Studio 15
VisualStudioVersion = 15.0.28010.2019
MinimumVisualStudioVersion = 10.0.40219.1
Project("{FAE04EC0-301F-11D3-BF4B-00C04F79EFBC}") = "Minesweeper", "Minesweeper\Minesweeper.csproj", "{1D9429FA-74A4-4363-AFF2-02AE11647C94}"
EndProject
Global
	GlobalSection(SolutionConfigurationPlatforms) = preSolution
		Debug|Any CPU = Debug|Any CPU
		Release|Any CPU = Release|Any CPU
	EndGlobalSection
	GlobalSection(ProjectConfigurationPlatforms) = postSolution
		{1D9429FA-74A4-4363-AFF2-02AE11647C94}.Debug|Any CPU.ActiveCfg = Debug|Any CPU
		{1D9429FA-74A4-4363-AFF2-02AE11647C94}.Debug|Any CPU.Build.0 = Debug|Any CPU
		{1D9429FA-74A4-4363-AFF2-02AE11647C94}.Release|Any CPU.ActiveCfg = Release|Any CPU
		{1D9429FA-74A4-4363-AFF2-02AE11647C94}.Release|Any CPU.Build.0 = Release|Any CPU
	EndGlobalSection
	GlobalSection(SolutionProperties) = preSolution
		HideSolutionNode = FALSE
	EndGlobalSection
	GlobalSection(ExtensibilityGlobals) = postSolution
		SolutionGuid = {DEAEE433-FAF4-43C0-BAF5-DA582E6DBF3C}
	EndGlobalSection
EndGlobal
